# This file was autogenerated by Stack.
# You should not edit this file by hand.
# For more information, please see the documentation at:
#   https://docs.haskellstack.org/en/stable/lock_files

packages:
- completed:
    hackage: transformers-0.6.0.2@sha256:c17e154a91c7e81c7b09b5aa0ad4f24876bd89c16710e3a538521cdc6a35a33c,3307
    pantry-tree:
      size: 2375
      sha256: 689b416d2af2d316b42d8f481c30986c300fd135f13186332f7dc8bf3113b4cb
  original:
    hackage: transformers-0.6.0.2@sha256:c17e154a91c7e81c7b09b5aa0ad4f24876bd89c16710e3a538521cdc6a35a33c,3307
snapshots:
- completed:
    size: 586106
    url: https://raw.githubusercontent.com/commercialhaskell/stackage-snapshots/master/lts/18/20.yaml
    sha256: 8699812d2b2c1f83d6ad1261de9cf628ed36a1cfc14f19d67188e005e7a3a39d
  original:
    url: https://raw.githubusercontent.com/commercialhaskell/stackage-snapshots/master/lts/18/20.yaml
